
Microsoft Visual Studio Solution File, Format Version 12.00
# Visual Studio Version 17
VisualStudioVersion = 17.0.31903.59
MinimumVisualStudioVersion = 10.0.40219.1
Project("{2150E333-8FDC-42A3-9474-1A3956D46DE8}") = "src", "src", "{6BCC8C0F-CBAF-4A9E-81D1-DBD9171AD809}"
EndProject
Project("{FAE04EC0-301F-11D3-BF4B-00C04F79EFBC}") = "SendKeyDemo", "src\SendKeyDemo\SendKeyDemo.csproj", "{4F570D8E-CA54-4220-A2E1-356CE70D2D3D}"
EndProject
Project("{2150E333-8FDC-42A3-9474-1A3956D46DE8}") = "samples", "samples", "{6859F93D-6CF9-4270-BB7D-DFC7BF14570D}"
EndProject
Project("{FAE04EC0-301F-11D3-BF4B-00C04F79EFBC}") = "SampleTarget", "samples\SampleTarget\SampleTarget.csproj", "{62DA0FCE-BFA7-4100-BAF3-7F81DED5106D}"
EndProject
Project("{2150E333-8FDC-42A3-9474-1A3956D46DE8}") = "tests", "tests", "{1BA8C74A-B2AC-42B7-B50D-96DA8075F1C1}"
EndProject
Project("{FAE04EC0-301F-11D3-BF4B-00C04F79EFBC}") = "SendKeyDemo.Tests", "tests\SendKeyDemo.Tests\SendKeyDemo.Tests.csproj", "{2E65BE39-5D04-4A62-AF8F-C4BB3C04B2D0}"
EndProject
Global
	GlobalSection(SolutionConfigurationPlatforms) = preSolution
		Debug|Any CPU = Debug|Any CPU
		Release|Any CPU = Release|Any CPU
	EndGlobalSection
	GlobalSection(SolutionProperties) = preSolution
		HideSolutionNode = FALSE
	EndGlobalSection
	GlobalSection(ProjectConfigurationPlatforms) = postSolution
		{4F570D8E-CA54-4220-A2E1-356CE70D2D3D}.Debug|Any CPU.ActiveCfg = Debug|Any CPU
		{4F570D8E-CA54-4220-A2E1-356CE70D2D3D}.Debug|Any CPU.Build.0 = Debug|Any CPU
		{4F570D8E-CA54-4220-A2E1-356CE70D2D3D}.Release|Any CPU.ActiveCfg = Release|Any CPU
		{4F570D8E-CA54-4220-A2E1-356CE70D2D3D}.Release|Any CPU.Build.0 = Release|Any CPU
		{62DA0FCE-BFA7-4100-BAF3-7F81DED5106D}.Debug|Any CPU.ActiveCfg = Debug|Any CPU
		{62DA0FCE-BFA7-4100-BAF3-7F81DED5106D}.Debug|Any CPU.Build.0 = Debug|Any CPU
		{62DA0FCE-BFA7-4100-BAF3-7F81DED5106D}.Release|Any CPU.ActiveCfg = Release|Any CPU
		{62DA0FCE-BFA7-4100-BAF3-7F81DED5106D}.Release|Any CPU.Build.0 = Release|Any CPU
		{2E65BE39-5D04-4A62-AF8F-C4BB3C04B2D0}.Debug|Any CPU.ActiveCfg = Debug|Any CPU
		{2E65BE39-5D04-4A62-AF8F-C4BB3C04B2D0}.Debug|Any CPU.Build.0 = Debug|Any CPU
		{2E65BE39-5D04-4A62-AF8F-C4BB3C04B2D0}.Release|Any CPU.ActiveCfg = Release|Any CPU
		{2E65BE39-5D04-4A62-AF8F-C4BB3C04B2D0}.Release|Any CPU.Build.0 = Release|Any CPU
	EndGlobalSection
	GlobalSection(NestedProjects) = preSolution
		{4F570D8E-CA54-4220-A2E1-356CE70D2D3D} = {6BCC8C0F-CBAF-4A9E-81D1-DBD9171AD809}
		{62DA0FCE-BFA7-4100-BAF3-7F81DED5106D} = {6859F93D-6CF9-4270-BB7D-DFC7BF14570D}
		{2E65BE39-5D04-4A62-AF8F-C4BB3C04B2D0} = {1BA8C74A-B2AC-42B7-B50D-96DA8075F1C1}
	EndGlobalSection
EndGlobal
